
Microsoft Visual Studio Solution File, Format Version 12.00
# Visual Studio Version 16
VisualStudioVersion = 16.0.31424.327
MinimumVisualStudioVersion = 10.0.40219.1
Project("{FAE04EC0-301F-11D3-BF4B-00C04F79EFBC}") = "ObjectOrientedDesignPatterns", "ObjectOrientedDesignPatterns\ObjectOrientedDesignPatterns.csproj", "{833E609B-855C-48DA-B77A-EE26B3E1DACB}"
EndProject
Global
	GlobalSection(SolutionConfigurationPlatforms) = preSolution
		Debug|Any CPU = Debug|Any CPU
		Release|Any CPU = Release|Any CPU
	EndGlobalSection
	GlobalSection(ProjectConfigurationPlatforms) = postSolution
		{833E609B-855C-48DA-B77A-EE26B3E1DACB}.Debug|Any CPU.ActiveCfg = Debug|Any CPU
		{833E609B-855C-48DA-B77A-EE26B3E1DACB}.Debug|Any CPU.Build.0 = Debug|Any CPU
		{833E609B-855C-48DA-B77A-EE26B3E1DACB}.Release|Any CPU.ActiveCfg = Release|Any CPU
		{833E609B-855C-48DA-B77A-EE26B3E1DACB}.Release|Any CPU.Build.0 = Release|Any CPU
	EndGlobalSection
	GlobalSection(SolutionProperties) = preSolution
		HideSolutionNode = FALSE
	EndGlobalSection
	GlobalSection(ExtensibilityGlobals) = postSolution
		SolutionGuid = {9A07A2ED-6CBC-4ABC-A3D1-1800CBD1ED87}
	EndGlobalSection
EndGlobal
